
Microsoft Visual Studio Solution File, Format Version 12.00
# Visual Studio 2013
VisualStudioVersion = 12.0.30501.0
MinimumVisualStudioVersion = 10.0.40219.1
Project("{FAE04EC0-301F-11D3-BF4B-00C04F79EFBC}") = "CodeTest.Web", "CodeTest.Web\CodeTest.Web.csproj", "{E7934B7B-3395-4D02-9963-146B140BB4EA}"
EndProject
Project("{FAE04EC0-301F-11D3-BF4B-00C04F79EFBC}") = "CodeTest.Tests", "CodeTest.Tests\CodeTest.Tests.csproj", "{633DB555-81A0-463D-8088-AFAB9FB44466}"
EndProject
Project("{FAE04EC0-301F-11D3-BF4B-00C04F79EFBC}") = "CodeTest.Console", "CodeTest.Console\CodeTest.Console.csproj", "{5B967AA4-EFC9-4085-86D2-42BD92BFF6C4}"
EndProject
Project("{FAE04EC0-301F-11D3-BF4B-00C04F79EFBC}") = "CodeTest.Model", "CodeTest.Model\CodeTest.Model.csproj", "{EA5BD123-DC5E-4298-A7BB-2F1AA1DD9086}"
EndProject
Project("{FAE04EC0-301F-11D3-BF4B-00C04F79EFBC}") = "CodeTest.Data", "CodeTest.Data\CodeTest.Data.csproj", "{896C36A9-5A8C-4927-BB7D-DB787D97EA1C}"
EndProject
Global
	GlobalSection(SolutionConfigurationPlatforms) = preSolution
		Debug|Any CPU = Debug|Any CPU
		Release|Any CPU = Release|Any CPU
	EndGlobalSection
	GlobalSection(ProjectConfigurationPlatforms) = postSolution
		{E7934B7B-3395-4D02-9963-146B140BB4EA}.Debug|Any CPU.ActiveCfg = Debug|Any CPU
		{E7934B7B-3395-4D02-9963-146B140BB4EA}.Debug|Any CPU.Build.0 = Debug|Any CPU
		{E7934B7B-3395-4D02-9963-146B140BB4EA}.Release|Any CPU.ActiveCfg = Release|Any CPU
		{E7934B7B-3395-4D02-9963-146B140BB4EA}.Release|Any CPU.Build.0 = Release|Any CPU
		{633DB555-81A0-463D-8088-AFAB9FB44466}.Debug|Any CPU.ActiveCfg = Debug|Any CPU
		{633DB555-81A0-463D-8088-AFAB9FB44466}.Debug|Any CPU.Build.0 = Debug|Any CPU
		{633DB555-81A0-463D-8088-AFAB9FB44466}.Release|Any CPU.ActiveCfg = Release|Any CPU
		{633DB555-81A0-463D-8088-AFAB9FB44466}.Release|Any CPU.Build.0 = Release|Any CPU
		{5B967AA4-EFC9-4085-86D2-42BD92BFF6C4}.Debug|Any CPU.ActiveCfg = Debug|Any CPU
		{5B967AA4-EFC9-4085-86D2-42BD92BFF6C4}.Debug|Any CPU.Build.0 = Debug|Any CPU
		{5B967AA4-EFC9-4085-86D2-42BD92BFF6C4}.Release|Any CPU.ActiveCfg = Release|Any CPU
		{5B967AA4-EFC9-4085-86D2-42BD92BFF6C4}.Release|Any CPU.Build.0 = Release|Any CPU
		{EA5BD123-DC5E-4298-A7BB-2F1AA1DD9086}.Debug|Any CPU.ActiveCfg = Debug|Any CPU
		{EA5BD123-DC5E-4298-A7BB-2F1AA1DD9086}.Debug|Any CPU.Build.0 = Debug|Any CPU
		{EA5BD123-DC5E-4298-A7BB-2F1AA1DD9086}.Release|Any CPU.ActiveCfg = Release|Any CPU
		{EA5BD123-DC5E-4298-A7BB-2F1AA1DD9086}.Release|Any CPU.Build.0 = Release|Any CPU
		{896C36A9-5A8C-4927-BB7D-DB787D97EA1C}.Debug|Any CPU.ActiveCfg = Debug|Any CPU
		{896C36A9-5A8C-4927-BB7D-DB787D97EA1C}.Debug|Any CPU.Build.0 = Debug|Any CPU
		{896C36A9-5A8C-4927-BB7D-DB787D97EA1C}.Release|Any CPU.ActiveCfg = Release|Any CPU
		{896C36A9-5A8C-4927-BB7D-DB787D97EA1C}.Release|Any CPU.Build.0 = Release|Any CPU
	EndGlobalSection
	GlobalSection(SolutionProperties) = preSolution
		HideSolutionNode = FALSE
	EndGlobalSection
EndGlobal
